
Microsoft Visual Studio Solution File, Format Version 11.00
# Visual Studio 2010
Project("{8BC9CEB8-8B4A-11D0-8D11-00A0C91BC942}") = "MinecraftBetterDs3", "MinecraftBetterDs3\MinecraftBetterDs3.vcxproj", "{CFF16F34-DF53-47F3-A0F5-AC1A0F1177B7}"
EndProject
Global
	GlobalSection(SolutionConfigurationPlatforms) = preSolution
		Debug|PS3 = Debug|PS3
		Release|PS3 = Release|PS3
	EndGlobalSection
	GlobalSection(ProjectConfigurationPlatforms) = postSolution
		{CFF16F34-DF53-47F3-A0F5-AC1A0F1177B7}.Debug|PS3.ActiveCfg = Debug|PS3
		{CFF16F34-DF53-47F3-A0F5-AC1A0F1177B7}.Debug|PS3.Build.0 = Debug|PS3
		{CFF16F34-DF53-47F3-A0F5-AC1A0F1177B7}.Release|PS3.ActiveCfg = Release|PS3
		{CFF16F34-DF53-47F3-A0F5-AC1A0F1177B7}.Release|PS3.Build.0 = Release|PS3
	EndGlobalSection
	GlobalSection(SolutionProperties) = preSolution
		HideSolutionNode = FALSE
	EndGlobalSection
EndGlobal
